// !$*UTF8*$!
{
	archiveVersion = 1;
	classes = {
	};
	objectVersion = 56;
	objects = {

/* Begin PBXBuildFile section */
		439945D12AEDD771002EFCC9 /* PokeAPIApp.swift in Sources */ = {isa = PBXBuildFile; fileRef = 439945D02AEDD771002EFCC9 /* PokeAPIApp.swift */; };
		439945D32AEDD771002EFCC9 /* ContentView.swift in Sources */ = {isa = PBXBuildFile; fileRef = 439945D22AEDD771002EFCC9 /* ContentView.swift */; };
		439945D52AEDD773002EFCC9 /* Assets.xcassets in Resources */ = {isa = PBXBuildFile; fileRef = 439945D42AEDD773002EFCC9 /* Assets.xcassets */; };
		439945D82AEDD773002EFCC9 /* Preview Assets.xcassets in Resources */ = {isa = PBXBuildFile; fileRef = 439945D72AEDD773002EFCC9 /* Preview Assets.xcassets */; };
		439945E22AEDD773002EFCC9 /* PokeAPITests.swift in Sources */ = {isa = PBXBuildFile; fileRef = 439945E12AEDD773002EFCC9 /* PokeAPITests.swift */; };
		439945EC2AEDD773002EFCC9 /* PokeAPIUITests.swift in Sources */ = {isa = PBXBuildFile; fileRef = 439945EB2AEDD773002EFCC9 /* PokeAPIUITests.swift */; };
		439945EE2AEDD773002EFCC9 /* PokeAPIUITestsLaunchTests.swift in Sources */ = {isa = PBXBuildFile; fileRef = 439945ED2AEDD773002EFCC9 /* PokeAPIUITestsLaunchTests.swift */; };
/* End PBXBuildFile section */

/* Begin PBXContainerItemProxy section */
		439945DE2AEDD773002EFCC9 /* PBXContainerItemProxy */ = {
			isa = PBXContainerItemProxy;
			containerPortal = 439945C52AEDD771002EFCC9 /* Project object */;
			proxyType = 1;
			remoteGlobalIDString = 439945CC2AEDD771002EFCC9;
			remoteInfo = PokeAPI;
		};
		439945E82AEDD773002EFCC9 /* PBXContainerItemProxy */ = {
			isa = PBXContainerItemProxy;
			containerPortal = 439945C52AEDD771002EFCC9 /* Project object */;
			proxyType = 1;
			remoteGlobalIDString = 439945CC2AEDD771002EFCC9;
			remoteInfo = PokeAPI;
		};
/* End PBXContainerItemProxy section */

/* Begin PBXFileReference section */
		439945CD2AEDD771002EFCC9 /* PokeAPI.app */ = {isa = PBXFileReference; explicitFileType = wrapper.application; includeInIndex = 0; path = PokeAPI.app; sourceTree = BUILT_PRODUCTS_DIR; };
		439945D02AEDD771002EFCC9 /* PokeAPIApp.swift */ = {isa = PBXFileReference; lastKnownFileType = sourcecode.swift; path = PokeAPIApp.swift; sourceTree = "<group>"; };
		439945D22AEDD771002EFCC9 /* ContentView.swift */ = {isa = PBXFileReference; lastKnownFileType = sourcecode.swift; path = ContentView.swift; sourceTree = "<group>"; };
		439945D42AEDD773002EFCC9 /* Assets.xcassets */ = {isa = PBXFileReference; lastKnownFileType = folder.assetcatalog; path = Assets.xcassets; sourceTree = "<group>"; };
		439945D72AEDD773002EFCC9 /* Preview Assets.xcassets */ = {isa = PBXFileReference; lastKnownFileType = folder.assetcatalog; path = "Preview Assets.xcassets"; sourceTree = "<group>"; };
		439945DD2AEDD773002EFCC9 /* PokeAPITests.xctest */ = {isa = PBXFileReference; explicitFileType = wrapper.cfbundle; includeInIndex = 0; path = PokeAPITests.xctest; sourceTree = BUILT_PRODUCTS_DIR; };
		439945E12AEDD773002EFCC9 /* PokeAPITests.swift */ = {isa = PBXFileReference; lastKnownFileType = sourcecode.swift; path = PokeAPITests.swift; sourceTree = "<group>"; };
		439945E72AEDD773002EFCC9 /* PokeAPIUITests.xctest */ = {isa = PBXFileReference; explicitFileType = wrapper.cfbundle; includeInIndex = 0; path = PokeAPIUITests.xctest; sourceTree = BUILT_PRODUCTS_DIR; };
		439945EB2AEDD773002EFCC9 /* PokeAPIUITests.swift */ = {isa = PBXFileReference; lastKnownFileType = sourcecode.swift; path = PokeAPIUITests.swift; sourceTree = "<group>"; };
		439945ED2AEDD773002EFCC9 /* PokeAPIUITestsLaunchTests.swift */ = {isa = PBXFileReference; lastKnownFileType = sourcecode.swift; path = PokeAPIUITestsLaunchTests.swift; sourceTree = "<group>"; };
/* End PBXFileReference section */

/* Begin PBXFrameworksBuildPhase section */
		439945CA2AEDD771002EFCC9 /* Frameworks */ = {
			isa = PBXFrameworksBuildPhase;
			buildActionMask = 2147483647;
			files = (
			);
			runOnlyForDeploymentPostprocessing = 0;
		};
		439945DA2AEDD773002EFCC9 /* Frameworks */ = {
			isa = PBXFrameworksBuildPhase;
			buildActionMask = 2147483647;
			files = (
			);
			runOnlyForDeploymentPostprocessing = 0;
		};
		439945E42AEDD773002EFCC9 /* Frameworks */ = {
			isa = PBXFrameworksBuildPhase;
			buildActionMask = 2147483647;
			files = (
			);
			runOnlyForDeploymentPostprocessing = 0;
		};
/* End PBXFrameworksBuildPhase section */

/* Begin PBXGroup section */
		439945C42AEDD771002EFCC9 = {
			isa = PBXGroup;
			children = (
				439945CF2AEDD771002EFCC9 /* PokeAPI */,
				439945E02AEDD773002EFCC9 /* PokeAPITests */,
				439945EA2AEDD773002EFCC9 /* PokeAPIUITests */,
				439945CE2AEDD771002EFCC9 /* Products */,
			);
			sourceTree = "<group>";
		};
		439945CE2AEDD771002EFCC9 /* Products */ = {
			isa = PBXGroup;
			children = (
				439945CD2AEDD771002EFCC9 /* PokeAPI.app */,
				439945DD2AEDD773002EFCC9 /* PokeAPITests.xctest */,
				439945E72AEDD773002EFCC9 /* PokeAPIUITests.xctest */,
			);
			name = Products;
			sourceTree = "<group>";
		};
		439945CF2AEDD771002EFCC9 /* PokeAPI */ = {
			isa = PBXGroup;
			children = (
				439945D02AEDD771002EFCC9 /* PokeAPIApp.swift */,
				439945D22AEDD771002EFCC9 /* ContentView.swift */,
				439945D42AEDD773002EFCC9 /* Assets.xcassets */,
				439945D62AEDD773002EFCC9 /* Preview Content */,
			);
			path = PokeAPI;
			sourceTree = "<group>";
		};
		439945D62AEDD773002EFCC9 /* Preview Content */ = {
			isa = PBXGroup;
			children = (
				439945D72AEDD773002EFCC9 /* Preview Assets.xcassets */,
			);
			path = "Preview Content";
			sourceTree = "<group>";
		};
		439945E02AEDD773002EFCC9 /* PokeAPITests */ = {
			isa = PBXGroup;
			children = (
				439945E12AEDD773002EFCC9 /* PokeAPITests.swift */,
			);
			path = PokeAPITests;
			sourceTree = "<group>";
		};
		439945EA2AEDD773002EFCC9 /* PokeAPIUITests */ = {
			isa = PBXGroup;
			children = (
				439945EB2AEDD773002EFCC9 /* PokeAPIUITests.swift */,
				439945ED2AEDD773002EFCC9 /* PokeAPIUITestsLaunchTests.swift */,
			);
			path = PokeAPIUITests;
			sourceTree = "<group>";
		};
/* End PBXGroup section */

/* Begin PBXNativeTarget section */
		439945CC2AEDD771002EFCC9 /* PokeAPI */ = {
			isa = PBXNativeTarget;
			buildConfigurationList = 439945F12AEDD773002EFCC9 /* Build configuration list for PBXNativeTarget "PokeAPI" */;
			buildPhases = (
				439945C92AEDD771002EFCC9 /* Sources */,
				439945CA2AEDD771002EFCC9 /* Frameworks */,
				439945CB2AEDD771002EFCC9 /* Resources */,
			);
			buildRules = (
			);
			dependencies = (
			);
			name = PokeAPI;
			productName = PokeAPI;
			productReference = 439945CD2AEDD771002EFCC9 /* PokeAPI.app */;
			productType = "com.apple.product-type.application";
		};
		439945DC2AEDD773002EFCC9 /* PokeAPITests */ = {
			isa = PBXNativeTarget;
			buildConfigurationList = 439945F42AEDD773002EFCC9 /* Build configuration list for PBXNativeTarget "PokeAPITests" */;
			buildPhases = (
				439945D92AEDD773002EFCC9 /* Sources */,
				439945DA2AEDD773002EFCC9 /* Frameworks */,
				439945DB2AEDD773002EFCC9 /* Resources */,
			);
			buildRules = (
			);
			dependencies = (
				439945DF2AEDD773002EFCC9 /* PBXTargetDependency */,
			);
			name = PokeAPITests;
			productName = PokeAPITests;
			productReference = 439945DD2AEDD773002EFCC9 /* PokeAPITests.xctest */;
			productType = "com.apple.product-type.bundle.unit-test";
		};
		439945E62AEDD773002EFCC9 /* PokeAPIUITests */ = {
			isa = PBXNativeTarget;
			buildConfigurationList = 439945F72AEDD773002EFCC9 /* Build configuration list for PBXNativeTarget "PokeAPIUITests" */;
			buildPhases = (
				439945E32AEDD773002EFCC9 /* Sources */,
				439945E42AEDD773002EFCC9 /* Frameworks */,
				439945E52AEDD773002EFCC9 /* Resources */,
			);
			buildRules = (
			);
			dependencies = (
				439945E92AEDD773002EFCC9 /* PBXTargetDependency */,
			);
			name = PokeAPIUITests;
			productName = PokeAPIUITests;
			productReference = 439945E72AEDD773002EFCC9 /* PokeAPIUITests.xctest */;
			productType = "com.apple.product-type.bundle.ui-testing";
		};
/* End PBXNativeTarget section */

/* Begin PBXProject section */
		439945C52AEDD771002EFCC9 /* Project object */ = {
			isa = PBXProject;
			attributes = {
				BuildIndependentTargetsInParallel = 1;
				LastSwiftUpdateCheck = 1500;
				LastUpgradeCheck = 1500;
				TargetAttributes = {
					439945CC2AEDD771002EFCC9 = {
						CreatedOnToolsVersion = 15.0.1;
					};
					439945DC2AEDD773002EFCC9 = {
						CreatedOnToolsVersion = 15.0.1;
						TestTargetID = 439945CC2AEDD771002EFCC9;
					};
					439945E62AEDD773002EFCC9 = {
						CreatedOnToolsVersion = 15.0.1;
						TestTargetID = 439945CC2AEDD771002EFCC9;
					};
				};
			};
			buildConfigurationList = 439945C82AEDD771002EFCC9 /* Build configuration list for PBXProject "PokeAPI" */;
			compatibilityVersion = "Xcode 14.0";
			developmentRegion = en;
			hasScannedForEncodings = 0;
			knownRegions = (
				en,
				Base,
			);
			mainGroup = 439945C42AEDD771002EFCC9;
			productRefGroup = 439945CE2AEDD771002EFCC9 /* Products */;
			projectDirPath = "";
			projectRoot = "";
			targets = (
				439945CC2AEDD771002EFCC9 /* PokeAPI */,
				439945DC2AEDD773002EFCC9 /* PokeAPITests */,
				439945E62AEDD773002EFCC9 /* PokeAPIUITests */,
			);
		};
/* End PBXProject section */

/* Begin PBXResourcesBuildPhase section */
		439945CB2AEDD771002EFCC9 /* Resources */ = {
			isa = PBXResourcesBuildPhase;
			buildActionMask = 2147483647;
			files = (
				439945D82AEDD773002EFCC9 /* Preview Assets.xcassets in Resources */,
				439945D52AEDD773002EFCC9 /* Assets.xcassets in Resources */,
			);
			runOnlyForDeploymentPostprocessing = 0;
		};
		439945DB2AEDD773002EFCC9 /* Resources */ = {
			isa = PBXResourcesBuildPhase;
			buildActionMask = 2147483647;
			files = (
			);
			runOnlyForDeploymentPostprocessing = 0;
		};
		439945E52AEDD773002EFCC9 /* Resources */ = {
			isa = PBXResourcesBuildPhase;
			buildActionMask = 2147483647;
			files = (
			);
			runOnlyForDeploymentPostprocessing = 0;
		};
/* End PBXResourcesBuildPhase section */

/* Begin PBXSourcesBuildPhase section */
		439945C92AEDD771002EFCC9 /* Sources */ = {
			isa = PBXSourcesBuildPhase;
			buildActionMask = 2147483647;
			files = (
				439945D32AEDD771002EFCC9 /* ContentView.swift in Sources */,
				439945D12AEDD771002EFCC9 /* PokeAPIApp.swift in Sources */,
			);
			runOnlyForDeploymentPostprocessing = 0;
		};
		439945D92AEDD773002EFCC9 /* Sources */ = {
			isa = PBXSourcesBuildPhase;
			buildActionMask = 2147483647;
			files = (
				439945E22AEDD773002EFCC9 /* PokeAPITests.swift in Sources */,
			);
			runOnlyForDeploymentPostprocessing = 0;
		};
		439945E32AEDD773002EFCC9 /* Sources */ = {
			isa = PBXSourcesBuildPhase;
			buildActionMask = 2147483647;
			files = (
				439945EE2AEDD773002EFCC9 /* PokeAPIUITestsLaunchTests.swift in Sources */,
				439945EC2AEDD773002EFCC9 /* PokeAPIUITests.swift in Sources */,
			);
			runOnlyForDeploymentPostprocessing = 0;
		};
/* End PBXSourcesBuildPhase section */

/* Begin PBXTargetDependency section */
		439945DF2AEDD773002EFCC9 /* PBXTargetDependency */ = {
			isa = PBXTargetDependency;
			target = 439945CC2AEDD771002EFCC9 /* PokeAPI */;
			targetProxy = 439945DE2AEDD773002EFCC9 /* PBXContainerItemProxy */;
		};
		439945E92AEDD773002EFCC9 /* PBXTargetDependency */ = {
			isa = PBXTargetDependency;
			target = 439945CC2AEDD771002EFCC9 /* PokeAPI */;
			targetProxy = 439945E82AEDD773002EFCC9 /* PBXContainerItemProxy */;
		};
/* End PBXTargetDependency section */

/* Begin XCBuildConfiguration section */
		439945EF2AEDD773002EFCC9 /* Debug */ = {
			isa = XCBuildConfiguration;
			buildSettings = {
				ALWAYS_SEARCH_USER_PATHS = NO;
				ASSETCATALOG_COMPILER_GENERATE_SWIFT_ASSET_SYMBOL_EXTENSIONS = YES;
				CLANG_ANALYZER_NONNULL = YES;
				CLANG_ANALYZER_NUMBER_OBJECT_CONVERSION = YES_AGGRESSIVE;
				CLANG_CXX_LANGUAGE_STANDARD = "gnu++20";
				CLANG_ENABLE_MODULES = YES;
				CLANG_ENABLE_OBJC_ARC = YES;
				CLANG_ENABLE_OBJC_WEAK = YES;
				CLANG_WARN_BLOCK_CAPTURE_AUTORELEASING = YES;
				CLANG_WARN_BOOL_CONVERSION = YES;
				CLANG_WARN_COMMA = YES;
				CLANG_WARN_CONSTANT_CONVERSION = YES;
				CLANG_WARN_DEPRECATED_OBJC_IMPLEMENTATIONS = YES;
				CLANG_WARN_DIRECT_OBJC_ISA_USAGE = YES_ERROR;
				CLANG_WARN_DOCUMENTATION_COMMENTS = YES;
				CLANG_WARN_EMPTY_BODY = YES;
				CLANG_WARN_ENUM_CONVERSION = YES;
				CLANG_WARN_INFINITE_RECURSION = YES;
				CLANG_WARN_INT_CONVERSION = YES;
				CLANG_WARN_NON_LITERAL_NULL_CONVERSION = YES;
				CLANG_WARN_OBJC_IMPLICIT_RETAIN_SELF = YES;
				CLANG_WARN_OBJC_LITERAL_CONVERSION = YES;
				CLANG_WARN_OBJC_ROOT_CLASS = YES_ERROR;
				CLANG_WARN_QUOTED_INCLUDE_IN_FRAMEWORK_HEADER = YES;
				CLANG_WARN_RANGE_LOOP_ANALYSIS = YES;
				CLANG_WARN_STRICT_PROTOTYPES = YES;
				CLANG_WARN_SUSPICIOUS_MOVE = YES;
				CLANG_WARN_UNGUARDED_AVAILABILITY = YES_AGGRESSIVE;
				CLANG_WARN_UNREACHABLE_CODE = YES;
				CLANG_WARN__DUPLICATE_METHOD_MATCH = YES;
				COPY_PHASE_STRIP = NO;
				DEBUG_INFORMATION_FORMAT = dwarf;
				ENABLE_STRICT_OBJC_MSGSEND = YES;
				ENABLE_TESTABILITY = YES;
				ENABLE_USER_SCRIPT_SANDBOXING = YES;
				GCC_C_LANGUAGE_STANDARD = gnu17;
				GCC_DYNAMIC_NO_PIC = NO;
				GCC_NO_COMMON_BLOCKS = YES;
				GCC_OPTIMIZATION_LEVEL = 0;
				GCC_PREPROCESSOR_DEFINITIONS = (
					"DEBUG=1",
					"$(inherited)",
				);
				GCC_WARN_64_TO_32_BIT_CONVERSION = YES;
				GCC_WARN_ABOUT_RETURN_TYPE = YES_ERROR;
				GCC_WARN_UNDECLARED_SELECTOR = YES;
				GCC_WARN_UNINITIALIZED_AUTOS = YES_AGGRESSIVE;
				GCC_WARN_UNUSED_FUNCTION = YES;
				GCC_WARN_UNUSED_VARIABLE = YES;
				IPHONEOS_DEPLOYMENT_TARGET = 17.0;
				LOCALIZATION_PREFERS_STRING_CATALOGS = YES;
				MTL_ENABLE_DEBUG_INFO = INCLUDE_SOURCE;
				MTL_FAST_MATH = YES;
				ONLY_ACTIVE_ARCH = YES;
				SDKROOT = iphoneos;
				SWIFT_ACTIVE_COMPILATION_CONDITIONS = "DEBUG $(inherited)";
				SWIFT_OPTIMIZATION_LEVEL = "-Onone";
			};
			name = Debug;
		};
		439945F02AEDD773002EFCC9 /* Release */ = {
			isa = XCBuildConfiguration;
			buildSettings = {
				ALWAYS_SEARCH_USER_PATHS = NO;
				ASSETCATALOG_COMPILER_GENERATE_SWIFT_ASSET_SYMBOL_EXTENSIONS = YES;
				CLANG_ANALYZER_NONNULL = YES;
				CLANG_ANALYZER_NUMBER_OBJECT_CONVERSION = YES_AGGRESSIVE;
				CLANG_CXX_LANGUAGE_STANDARD = "gnu++20";
				CLANG_ENABLE_MODULES = YES;
				CLANG_ENABLE_OBJC_ARC = YES;
				CLANG_ENABLE_OBJC_WEAK = YES;
				CLANG_WARN_BLOCK_CAPTURE_AUTORELEASING = YES;
				CLANG_WARN_BOOL_CONVERSION = YES;
				CLANG_WARN_COMMA = YES;
				CLANG_WARN_CONSTANT_CONVERSION = YES;
				CLANG_WARN_DEPRECATED_OBJC_IMPLEMENTATIONS = YES;
				CLANG_WARN_DIRECT_OBJC_ISA_USAGE = YES_ERROR;
				CLANG_WARN_DOCUMENTATION_COMMENTS = YES;
				CLANG_WARN_EMPTY_BODY = YES;
				CLANG_WARN_ENUM_CONVERSION = YES;
				CLANG_WARN_INFINITE_RECURSION = YES;
				CLANG_WARN_INT_CONVERSION = YES;
				CLANG_WARN_NON_LITERAL_NULL_CONVERSION = YES;
				CLANG_WARN_OBJC_IMPLICIT_RETAIN_SELF = YES;
				CLANG_WARN_OBJC_LITERAL_CONVERSION = YES;
				CLANG_WARN_OBJC_ROOT_CLASS = YES_ERROR;
				CLANG_WARN_QUOTED_INCLUDE_IN_FRAMEWORK_HEADER = YES;
				CLANG_WARN_RANGE_LOOP_ANALYSIS = YES;
				CLANG_WARN_STRICT_PROTOTYPES = YES;
				CLANG_WARN_SUSPICIOUS_MOVE = YES;
				CLANG_WARN_UNGUARDED_AVAILABILITY = YES_AGGRESSIVE;
				CLANG_WARN_UNREACHABLE_CODE = YES;
				CLANG_WARN__DUPLICATE_METHOD_MATCH = YES;
				COPY_PHASE_STRIP = NO;
				DEBUG_INFORMATION_FORMAT = "dwarf-with-dsym";
				ENABLE_NS_ASSERTIONS = NO;
				ENABLE_STRICT_OBJC_MSGSEND = YES;
				ENABLE_USER_SCRIPT_SANDBOXING = YES;
				GCC_C_LANGUAGE_STANDARD = gnu17;
				GCC_NO_COMMON_BLOCKS = YES;
				GCC_WARN_64_TO_32_BIT_CONVERSION = YES;
				GCC_WARN_ABOUT_RETURN_TYPE = YES_ERROR;
				GCC_WARN_UNDECLARED_SELECTOR = YES;
				GCC_WARN_UNINITIALIZED_AUTOS = YES_AGGRESSIVE;
				GCC_WARN_UNUSED_FUNCTION = YES;
				GCC_WARN_UNUSED_VARIABLE = YES;
				IPHONEOS_DEPLOYMENT_TARGET = 17.0;
				LOCALIZATION_PREFERS_STRING_CATALOGS = YES;
				MTL_ENABLE_DEBUG_INFO = NO;
				MTL_FAST_MATH = YES;
				SDKROOT = iphoneos;
				SWIFT_COMPILATION_MODE = wholemodule;
				VALIDATE_PRODUCT = YES;
			};
			name = Release;
		};
		439945F22AEDD773002EFCC9 /* Debug */ = {
			isa = XCBuildConfiguration;
			buildSettings = {
				ASSETCATALOG_COMPILER_APPICON_NAME = AppIcon;
				ASSETCATALOG_COMPILER_GLOBAL_ACCENT_COLOR_NAME = AccentColor;
				CODE_SIGN_STYLE = Automatic;
				CURRENT_PROJECT_VERSION = 1;
				DEVELOPMENT_ASSET_PATHS = "\"PokeAPI/Preview Content\"";
				ENABLE_PREVIEWS = YES;
				GENERATE_INFOPLIST_FILE = YES;
				INFOPLIST_KEY_UIApplicationSceneManifest_Generation = YES;
				INFOPLIST_KEY_UIApplicationSupportsIndirectInputEvents = YES;
				INFOPLIST_KEY_UILaunchScreen_Generation = YES;
				INFOPLIST_KEY_UISupportedInterfaceOrientations_iPad = "UIInterfaceOrientationPortrait UIInterfaceOrientationPortraitUpsideDown UIInterfaceOrientationLandscapeLeft UIInterfaceOrientationLandscapeRight";
				INFOPLIST_KEY_UISupportedInterfaceOrientations_iPhone = "UIInterfaceOrientationPortrait UIInterfaceOrientationLandscapeLeft UIInterfaceOrientationLandscapeRight";
				LD_RUNPATH_SEARCH_PATHS = (
					"$(inherited)",
					"@executable_path/Frameworks",
				);
				MARKETING_VERSION = 1.0;
				PRODUCT_BUNDLE_IDENTIFIER = Friendz.Social.Media.LTD.PokeAPI;
				PRODUCT_NAME = "$(TARGET_NAME)";
				SWIFT_EMIT_LOC_STRINGS = YES;
				SWIFT_VERSION = 5.0;
				TARGETED_DEVICE_FAMILY = "1,2";
			};
			name = Debug;
		};
		439945F32AEDD773002EFCC9 /* Release */ = {
			isa = XCBuildConfiguration;
			buildSettings = {
				ASSETCATALOG_COMPILER_APPICON_NAME = AppIcon;
				ASSETCATALOG_COMPILER_GLOBAL_ACCENT_COLOR_NAME = AccentColor;
				CODE_SIGN_STYLE = Automatic;
				CURRENT_PROJECT_VERSION = 1;
				DEVELOPMENT_ASSET_PATHS = "\"PokeAPI/Preview Content\"";
				ENABLE_PREVIEWS = YES;
				GENERATE_INFOPLIST_FILE = YES;
				INFOPLIST_KEY_UIApplicationSceneManifest_Generation = YES;
				INFOPLIST_KEY_UIApplicationSupportsIndirectInputEvents = YES;
				INFOPLIST_KEY_UILaunchScreen_Generation = YES;
				INFOPLIST_KEY_UISupportedInterfaceOrientations_iPad = "UIInterfaceOrientationPortrait UIInterfaceOrientationPortraitUpsideDown UIInterfaceOrientationLandscapeLeft UIInterfaceOrientationLandscapeRight";
				INFOPLIST_KEY_UISupportedInterfaceOrientations_iPhone = "UIInterfaceOrientationPortrait UIInterfaceOrientationLandscapeLeft UIInterfaceOrientationLandscapeRight";
				LD_RUNPATH_SEARCH_PATHS = (
					"$(inherited)",
					"@executable_path/Frameworks",
				);
				MARKETING_VERSION = 1.0;
				PRODUCT_BUNDLE_IDENTIFIER = Friendz.Social.Media.LTD.PokeAPI;
				PRODUCT_NAME = "$(TARGET_NAME)";
				SWIFT_EMIT_LOC_STRINGS = YES;
				SWIFT_VERSION = 5.0;
				TARGETED_DEVICE_FAMILY = "1,2";
			};
			name = Release;
		};
		439945F52AEDD773002EFCC9 /* Debug */ = {
			isa = XCBuildConfiguration;
			buildSettings = {
				ALWAYS_EMBED_SWIFT_STANDARD_LIBRARIES = YES;
				BUNDLE_LOADER = "$(TEST_HOST)";
				CODE_SIGN_STYLE = Automatic;
				CURRENT_PROJECT_VERSION = 1;
				GENERATE_INFOPLIST_FILE = YES;
				IPHONEOS_DEPLOYMENT_TARGET = 17.0;
				MARKETING_VERSION = 1.0;
				PRODUCT_BUNDLE_IDENTIFIER = Friendz.Social.Media.LTD.PokeAPITests;
				PRODUCT_NAME = "$(TARGET_NAME)";
				SWIFT_EMIT_LOC_STRINGS = NO;
				SWIFT_VERSION = 5.0;
				TARGETED_DEVICE_FAMILY = "1,2";
				TEST_HOST = "$(BUILT_PRODUCTS_DIR)/PokeAPI.app/$(BUNDLE_EXECUTABLE_FOLDER_PATH)/PokeAPI";
			};
			name = Debug;
		};
		439945F62AEDD773002EFCC9 /* Release */ = {
			isa = XCBuildConfiguration;
			buildSettings = {
				ALWAYS_EMBED_SWIFT_STANDARD_LIBRARIES = YES;
				BUNDLE_LOADER = "$(TEST_HOST)";
				CODE_SIGN_STYLE = Automatic;
				CURRENT_PROJECT_VERSION = 1;
				GENERATE_INFOPLIST_FILE = YES;
				IPHONEOS_DEPLOYMENT_TARGET = 17.0;
				MARKETING_VERSION = 1.0;
				PRODUCT_BUNDLE_IDENTIFIER = Friendz.Social.Media.LTD.PokeAPITests;
				PRODUCT_NAME = "$(TARGET_NAME)";
				SWIFT_EMIT_LOC_STRINGS = NO;
				SWIFT_VERSION = 5.0;
				TARGETED_DEVICE_FAMILY = "1,2";
				TEST_HOST = "$(BUILT_PRODUCTS_DIR)/PokeAPI.app/$(BUNDLE_EXECUTABLE_FOLDER_PATH)/PokeAPI";
			};
			name = Release;
		};
		439945F82AEDD773002EFCC9 /* Debug */ = {
			isa = XCBuildConfiguration;
			buildSettings = {
				ALWAYS_EMBED_SWIFT_STANDARD_LIBRARIES = YES;
				CODE_SIGN_STYLE = Automatic;
				CURRENT_PROJECT_VERSION = 1;
				GENERATE_INFOPLIST_FILE = YES;
				MARKETING_VERSION = 1.0;
				PRODUCT_BUNDLE_IDENTIFIER = Friendz.Social.Media.LTD.PokeAPIUITests;
				PRODUCT_NAME = "$(TARGET_NAME)";
				SWIFT_EMIT_LOC_STRINGS = NO;
				SWIFT_VERSION = 5.0;
				TARGETED_DEVICE_FAMILY = "1,2";
				TEST_TARGET_NAME = PokeAPI;
			};
			name = Debug;
		};
		439945F92AEDD773002EFCC9 /* Release */ = {
			isa = XCBuildConfiguration;
			buildSettings = {
				ALWAYS_EMBED_SWIFT_STANDARD_LIBRARIES = YES;
				CODE_SIGN_STYLE = Automatic;
				CURRENT_PROJECT_VERSION = 1;
				GENERATE_INFOPLIST_FILE = YES;
				MARKETING_VERSION = 1.0;
				PRODUCT_BUNDLE_IDENTIFIER = Friendz.Social.Media.LTD.PokeAPIUITests;
				PRODUCT_NAME = "$(TARGET_NAME)";
				SWIFT_EMIT_LOC_STRINGS = NO;
				SWIFT_VERSION = 5.0;
				TARGETED_DEVICE_FAMILY = "1,2";
				TEST_TARGET_NAME = PokeAPI;
			};
			name = Release;
		};
/* End XCBuildConfiguration section */

/* Begin XCConfigurationList section */
		439945C82AEDD771002EFCC9 /* Build configuration list for PBXProject "PokeAPI" */ = {
			isa = XCConfigurationList;
			buildConfigurations = (
				439945EF2AEDD773002EFCC9 /* Debug */,
				439945F02AEDD773002EFCC9 /* Release */,
			);
			defaultConfigurationIsVisible = 0;
			defaultConfigurationName = Release;
		};
		439945F12AEDD773002EFCC9 /* Build configuration list for PBXNativeTarget "PokeAPI" */ = {
			isa = XCConfigurationList;
			buildConfigurations = (
				439945F22AEDD773002EFCC9 /* Debug */,
				439945F32AEDD773002EFCC9 /* Release */,
			);
			defaultConfigurationIsVisible = 0;
			defaultConfigurationName = Release;
		};
		439945F42AEDD773002EFCC9 /* Build configuration list for PBXNativeTarget "PokeAPITests" */ = {
			isa = XCConfigurationList;
			buildConfigurations = (
				439945F52AEDD773002EFCC9 /* Debug */,
				439945F62AEDD773002EFCC9 /* Release */,
			);
			defaultConfigurationIsVisible = 0;
			defaultConfigurationName = Release;
		};
		439945F72AEDD773002EFCC9 /* Build configuration list for PBXNativeTarget "PokeAPIUITests" */ = {
			isa = XCConfigurationList;
			buildConfigurations = (
				439945F82AEDD773002EFCC9 /* Debug */,
				439945F92AEDD773002EFCC9 /* Release */,
			);
			defaultConfigurationIsVisible = 0;
			defaultConfigurationName = Release;
		};
/* End XCConfigurationList section */
	};
	rootObject = 439945C52AEDD771002EFCC9 /* Project object */;
}
